
Microsoft Visual Studio Solution File, Format Version 12.00
# Visual Studio Version 16
VisualStudioVersion = 16.0.31424.327
MinimumVisualStudioVersion = 10.0.40219.1
Project("{FAE04EC0-301F-11D3-BF4B-00C04F79EFBC}") = "Predictsnow", "Predictsnow\Predictsnow.csproj", "{160930EC-1B99-44A4-9FBA-A8B542F3A07B}"
EndProject
Global
	GlobalSection(SolutionConfigurationPlatforms) = preSolution
		Debug|Any CPU = Debug|Any CPU
		Release|Any CPU = Release|Any CPU
	EndGlobalSection
	GlobalSection(ProjectConfigurationPlatforms) = postSolution
		{160930EC-1B99-44A4-9FBA-A8B542F3A07B}.Debug|Any CPU.ActiveCfg = Debug|Any CPU
		{160930EC-1B99-44A4-9FBA-A8B542F3A07B}.Debug|Any CPU.Build.0 = Debug|Any CPU
		{160930EC-1B99-44A4-9FBA-A8B542F3A07B}.Release|Any CPU.ActiveCfg = Release|Any CPU
		{160930EC-1B99-44A4-9FBA-A8B542F3A07B}.Release|Any CPU.Build.0 = Release|Any CPU
	EndGlobalSection
	GlobalSection(SolutionProperties) = preSolution
		HideSolutionNode = FALSE
	EndGlobalSection
	GlobalSection(ExtensibilityGlobals) = postSolution
		SolutionGuid = {7B47AD41-9D81-4A0F-BD67-3A1B2E8DCDE2}
	EndGlobalSection
EndGlobal
